{
  "nodes": {
    "nixpkgs": {
      "info": {
        "lastModified": 1592957533,
        "narHash": "sha256-B7BYGGaN3ntOkF5wGZlf3S/AcO5Hk0m27/6PVtzNCCg="
      },
      "locked": {
        "owner": "NixOS",
        "repo": "nixpkgs",
        "rev": "ffedc82d2e877c032efcdacfd92f0effcbdd9cbb",
        "type": "github"
      },
      "original": {
        "id": "nixpkgs",
        "type": "indirect"
      }
    },
    "root": {
      "inputs": {
        "nixpkgs": "nixpkgs"
      }
    }
  },
  "root": "root",
  "version": 5
}
