{
  "nodes": {
    "darwin": {
      "inputs": {
        "nixpkgs": [
          "nixpkgs"
        ]
      },
      "locked": {
        "lastModified": 1634994402,
        "narHash": "sha256-xmlCVVOYGpZoxgOqsDOVF0B0ASrnbNGVAEzID9qh2xo=",
        "owner": "LnL7",
        "repo": "nix-darwin",
        "rev": "44da835ac40dab5fd231298b59d83487382d2fab",
        "type": "github"
      },
      "original": {
        "owner": "LnL7",
        "repo": "nix-darwin",
        "type": "github"
      }
    },
    "flake-compat": {
      "flake": false,
      "locked": {
        "lastModified": 1627913399,
        "narHash": "sha256-hY8g6H2KFL8ownSiFeMOjwPC8P0ueXpCVEbxgda3pko=",
        "owner": "edolstra",
        "repo": "flake-compat",
        "rev": "12c64ca55c1014cdc1b16ed5a804aa8576601ff2",
        "type": "github"
      },
      "original": {
        "owner": "edolstra",
        "repo": "flake-compat",
        "type": "github"
      }
    },
    "flake-utils": {
      "locked": {
        "lastModified": 1634851050,
        "narHash": "sha256-N83GlSGPJJdcqhUxSCS/WwW5pksYf3VP1M13cDRTSVA=",
        "owner": "numtide",
        "repo": "flake-utils",
        "rev": "c91f3de5adaf1de973b797ef7485e441a65b8935",
        "type": "github"
      },
      "original": {
        "owner": "numtide",
        "repo": "flake-utils",
        "type": "github"
      }
    },
    "nixpkgs": {
      "locked": {
        "lastModified": 1635822779,
        "narHash": "sha256-MxjVFCoCtpRKUv3/9yVbMn64pG6F+yppichmjVHrhx0=",
        "owner": "NixOS",
        "repo": "nixpkgs",
        "rev": "cb3a0f55e8e37c4f7db239ce27491fd66c9503cc",
        "type": "github"
      },
      "original": {
        "owner": "NixOS",
        "repo": "nixpkgs",
        "type": "github"
      }
    },
    "root": {
      "inputs": {
        "darwin": "darwin",
        "flake-compat": "flake-compat",
        "flake-utils": "flake-utils",
        "nixpkgs": "nixpkgs",
        "slackpr": "slackpr"
      }
    },
    "slackpr": {
      "locked": {
        "lastModified": 1622484583,
        "narHash": "sha256-2A7NWm4imTK0g6WotDNc4Nn7tJo/XzLh1zU8/DilLZM=",
        "owner": "hlolli",
        "repo": "nixpkgs",
        "rev": "a9b68373fe98a77ed5edaf0a47fff01c94130a82",
        "type": "github"
      },
      "original": {
        "owner": "hlolli",
        "ref": "slack-darwin-aarch64",
        "repo": "nixpkgs",
        "type": "github"
      }
    }
  },
  "root": "root",
  "version": 7
}
